// !$*UTF8*$!
{
	archiveVersion = 1;
	classes = {
	};
	objectVersion = 46;
	objects = {

/* Begin PBXBuildFile section */
		168F3C0A158DE2D40048D32C /* UIKit.framework in Frameworks */ = {isa = PBXBuildFile; fileRef = 168F3C09158DE2D40048D32C /* UIKit.framework */; };
		168F3C0C158DE2D40048D32C /* Foundation.framework in Frameworks */ = {isa = PBXBuildFile; fileRef = 168F3C0B158DE2D40048D32C /* Foundation.framework */; };
		168F3C0E158DE2D40048D32C /* CoreGraphics.framework in Frameworks */ = {isa = PBXBuildFile; fileRef = 168F3C0D158DE2D40048D32C /* CoreGraphics.framework */; };
		168F3C14158DE2D40048D32C /* InfoPlist.strings in Resources */ = {isa = PBXBuildFile; fileRef = 168F3C12158DE2D40048D32C /* InfoPlist.strings */; };
		168F3C16158DE2D40048D32C /* main.m in Sources */ = {isa = PBXBuildFile; fileRef = 168F3C15158DE2D40048D32C /* main.m */; };
		168F3C1A158DE2D40048D32C /* AppDelegate.m in Sources */ = {isa = PBXBuildFile; fileRef = 168F3C19158DE2D40048D32C /* AppDelegate.m */; };
		168F3C1D158DE2D40048D32C /* MainStoryboard.storyboard in Resources */ = {isa = PBXBuildFile; fileRef = 168F3C1B158DE2D40048D32C /* MainStoryboard.storyboard */; };
		168F3C20158DE2D40048D32C /* ViewController.m in Sources */ = {isa = PBXBuildFile; fileRef = 168F3C1F158DE2D40048D32C /* ViewController.m */; };
/* End PBXBuildFile section */

/* Begin PBXFileReference section */
		168F3C05158DE2D40048D32C /* code-debuet.app */ = {isa = PBXFileReference; explicitFileType = wrapper.application; includeInIndex = 0; path = "code-debuet.app"; sourceTree = BUILT_PRODUCTS_DIR; };
		168F3C09158DE2D40048D32C /* UIKit.framework */ = {isa = PBXFileReference; lastKnownFileType = wrapper.framework; name = UIKit.framework; path = System/Library/Frameworks/UIKit.framework; sourceTree = SDKROOT; };
		168F3C0B158DE2D40048D32C /* Foundation.framework */ = {isa = PBXFileReference; lastKnownFileType = wrapper.framework; name = Foundation.framework; path = System/Library/Frameworks/Foundation.framework; sourceTree = SDKROOT; };
		168F3C0D158DE2D40048D32C /* CoreGraphics.framework */ = {isa = PBXFileReference; lastKnownFileType = wrapper.framework; name = CoreGraphics.framework; path = System/Library/Frameworks/CoreGraphics.framework; sourceTree = SDKROOT; };
		168F3C11158DE2D40048D32C /* code-debuet-Info.plist */ = {isa = PBXFileReference; path = "code-debuet-Info.plist"; sourceTree = "<group>"; };
		168F3C13158DE2D40048D32C /* en */ = {isa = PBXFileReference; lastKnownFileType = text.plist.strings; name = en; path = en.lproj/InfoPlist.strings; sourceTree = "<group>"; };
		168F3C15158DE2D40048D32C /* main.m */ = {isa = PBXFileReference; lastKnownFileType = sourcecode.c.objc; path = main.m; sourceTree = "<group>"; };
		168F3C17158DE2D40048D32C /* code-debuet-Prefix.pch */ = {isa = PBXFileReference; path = "code-debuet-Prefix.pch"; sourceTree = "<group>"; };
		168F3C18158DE2D40048D32C /* AppDelegate.h */ = {isa = PBXFileReference; path = AppDelegate.h; sourceTree = "<group>"; };
		168F3C19158DE2D40048D32C /* AppDelegate.m */ = {isa = PBXFileReference; lastKnownFileType = sourcecode.c.objc; path = AppDelegate.m; sourceTree = "<group>"; };
		168F3C1C158DE2D40048D32C /* en */ = {isa = PBXFileReference; lastKnownFileType = file.storyboard; name = en; path = en.lproj/MainStoryboard.storyboard; sourceTree = "<group>"; };
		168F3C1E158DE2D40048D32C /* ViewController.h */ = {isa = PBXFileReference; path = ViewController.h; sourceTree = "<group>"; };
		168F3C1F158DE2D40048D32C /* ViewController.m */ = {isa = PBXFileReference; lastKnownFileType = sourcecode.c.objc; path = ViewController.m; sourceTree = "<group>"; };
/* End PBXFileReference section */

/* Begin PBXFrameworksBuildPhase section */
		168F3C02158DE2D40048D32C /* Frameworks */ = {
			isa = PBXFrameworksBuildPhase;
			buildActionMask = 2147483647;
			files = (
				168F3C0A158DE2D40048D32C /* UIKit.framework in Frameworks */,
				168F3C0C158DE2D40048D32C /* Foundation.framework in Frameworks */,
				168F3C0E158DE2D40048D32C /* CoreGraphics.framework in Frameworks */,
			);
			runOnlyForDeploymentPostprocessing = 0;
		};
/* End PBXFrameworksBuildPhase section */

/* Begin PBXGroup section */
		168F3BFA158DE2D40048D32C = {
			isa = PBXGroup;
			children = (
				168F3C0F158DE2D40048D32C /* code-debuet */,
				168F3C08158DE2D40048D32C /* Frameworks */,
				168F3C06158DE2D40048D32C /* Products */,
			);
			sourceTree = "<group>";
		};
		168F3C06158DE2D40048D32C /* Products */ = {
			isa = PBXGroup;
			children = (
				168F3C05158DE2D40048D32C /* code-debuet.app */,
			);
			name = Products;
			sourceTree = "<group>";
		};
		168F3C08158DE2D40048D32C /* Frameworks */ = {
			isa = PBXGroup;
			children = (
				168F3C09158DE2D40048D32C /* UIKit.framework */,
				168F3C0B158DE2D40048D32C /* Foundation.framework */,
				168F3C0D158DE2D40048D32C /* CoreGraphics.framework */,
			);
			name = Frameworks;
			sourceTree = "<group>";
		};
		168F3C0F158DE2D40048D32C /* code-debuet */ = {
			isa = PBXGroup;
			children = (
				168F3C18158DE2D40048D32C /* AppDelegate.h */,
				168F3C19158DE2D40048D32C /* AppDelegate.m */,
				168F3C1B158DE2D40048D32C /* MainStoryboard.storyboard */,
				168F3C1E158DE2D40048D32C /* ViewController.h */,
				168F3C1F158DE2D40048D32C /* ViewController.m */,
				168F3C10158DE2D40048D32C /* Supporting Files */,
			);
			path = "code-debuet";
			sourceTree = "<group>";
		};
		168F3C10158DE2D40048D32C /* Supporting Files */ = {
			isa = PBXGroup;
			children = (
				168F3C11158DE2D40048D32C /* code-debuet-Info.plist */,
				168F3C12158DE2D40048D32C /* InfoPlist.strings */,
				168F3C15158DE2D40048D32C /* main.m */,
				168F3C17158DE2D40048D32C /* code-debuet-Prefix.pch */,
			);
			name = "Supporting Files";
			sourceTree = "<group>";
		};
/* End PBXGroup section */

/* Begin PBXNativeTarget section */
		168F3C04158DE2D40048D32C /* code-debuet */ = {
			isa = PBXNativeTarget;
			buildConfigurationList = 168F3C23158DE2D40048D32C /* Build configuration list for PBXNativeTarget "code-debuet" */;
			buildPhases = (
				168F3C01158DE2D40048D32C /* Sources */,
				168F3C02158DE2D40048D32C /* Frameworks */,
				168F3C03158DE2D40048D32C /* Resources */,
			);
			buildRules = (
			);
			dependencies = (
			);
			name = "code-debuet";
			productName = "code-debuet";
			productReference = 168F3C05158DE2D40048D32C /* code-debuet.app */;
			productType = "com.apple.product-type.application";
		};
/* End PBXNativeTarget section */

/* Begin PBXProject section */
		168F3BFC158DE2D40048D32C /* Project object */ = {
			isa = PBXProject;
			attributes = {
				LastUpgradeCheck = 0430;
			};
			buildConfigurationList = 168F3BFF158DE2D40048D32C /* Build configuration list for PBXProject "code-debuet" */;
			compatibilityVersion = "Xcode 3.2";
			developmentRegion = English;
			hasScannedForEncodings = 0;
			knownRegions = (
				en,
			);
			mainGroup = 168F3BFA158DE2D40048D32C;
			productRefGroup = 168F3C06158DE2D40048D32C /* Products */;
			projectDirPath = "";
			projectRoot = "";
			targets = (
				168F3C04158DE2D40048D32C /* code-debuet */,
			);
		};
/* End PBXProject section */

/* Begin PBXResourcesBuildPhase section */
		168F3C03158DE2D40048D32C /* Resources */ = {
			isa = PBXResourcesBuildPhase;
			buildActionMask = 2147483647;
			files = (
				168F3C14158DE2D40048D32C /* InfoPlist.strings in Resources */,
				168F3C1D158DE2D40048D32C /* MainStoryboard.storyboard in Resources */,
			);
			runOnlyForDeploymentPostprocessing = 0;
		};
/* End PBXResourcesBuildPhase section */

/* Begin PBXSourcesBuildPhase section */
		168F3C01158DE2D40048D32C /* Sources */ = {
			isa = PBXSourcesBuildPhase;
			buildActionMask = 2147483647;
			files = (
				168F3C16158DE2D40048D32C /* main.m in Sources */,
				168F3C1A158DE2D40048D32C /* AppDelegate.m in Sources */,
				168F3C20158DE2D40048D32C /* ViewController.m in Sources */,
			);
			runOnlyForDeploymentPostprocessing = 0;
		};
/* End PBXSourcesBuildPhase section */

/* Begin PBXVariantGroup section */
		168F3C12158DE2D40048D32C /* InfoPlist.strings */ = {
			isa = PBXVariantGroup;
			children = (
				168F3C13158DE2D40048D32C /* en */,
			);
			name = InfoPlist.strings;
			sourceTree = "<group>";
		};
		168F3C1B158DE2D40048D32C /* MainStoryboard.storyboard */ = {
			isa = PBXVariantGroup;
			children = (
				168F3C1C158DE2D40048D32C /* en */,
			);
			name = MainStoryboard.storyboard;
			sourceTree = "<group>";
		};
/* End PBXVariantGroup section */

/* Begin XCBuildConfiguration section */
		168F3C21158DE2D40048D32C /* Debug */ = {
			isa = XCBuildConfiguration;
			buildSettings = {
				ALWAYS_SEARCH_USER_PATHS = NO;
				ARCHS = "$(ARCHS_STANDARD_32_BIT)";
				CLANG_ENABLE_OBJC_ARC = YES;
				"CODE_SIGN_IDENTITY[sdk=iphoneos*]" = "iPhone Developer";
				COPY_PHASE_STRIP = NO;
				GCC_C_LANGUAGE_STANDARD = gnu99;
				GCC_DYNAMIC_NO_PIC = NO;
				GCC_OPTIMIZATION_LEVEL = 0;
				GCC_PREPROCESSOR_DEFINITIONS = (
					"DEBUG=1",
					"$(inherited)",
				);
				GCC_SYMBOLS_PRIVATE_EXTERN = NO;
				GCC_VERSION = com.apple.compilers.llvm.clang.1_0;
				GCC_WARN_ABOUT_RETURN_TYPE = YES;
				GCC_WARN_UNINITIALIZED_AUTOS = YES;
				GCC_WARN_UNUSED_VARIABLE = YES;
				IPHONEOS_DEPLOYMENT_TARGET = 5.1;
				SDKROOT = iphoneos;
			};
			name = Debug;
		};
		168F3C22158DE2D40048D32C /* Release */ = {
			isa = XCBuildConfiguration;
			buildSettings = {
				ALWAYS_SEARCH_USER_PATHS = NO;
				ARCHS = "$(ARCHS_STANDARD_32_BIT)";
				CLANG_ENABLE_OBJC_ARC = YES;
				"CODE_SIGN_IDENTITY[sdk=iphoneos*]" = "iPhone Developer";
				COPY_PHASE_STRIP = YES;
				GCC_C_LANGUAGE_STANDARD = gnu99;
				GCC_VERSION = com.apple.compilers.llvm.clang.1_0;
				GCC_WARN_ABOUT_RETURN_TYPE = YES;
				GCC_WARN_UNINITIALIZED_AUTOS = YES;
				GCC_WARN_UNUSED_VARIABLE = YES;
				IPHONEOS_DEPLOYMENT_TARGET = 5.1;
				OTHER_CFLAGS = "-DNS_BLOCK_ASSERTIONS=1";
				SDKROOT = iphoneos;
				VALIDATE_PRODUCT = YES;
			};
			name = Release;
		};
		168F3C24158DE2D40048D32C /* Debug */ = {
			isa = XCBuildConfiguration;
			buildSettings = {
				GCC_PRECOMPILE_PREFIX_HEADER = YES;
				GCC_PREFIX_HEADER = "code-debuet/code-debuet-Prefix.pch";
				INFOPLIST_FILE = "code-debuet/code-debuet-Info.plist";
				PRODUCT_NAME = "$(TARGET_NAME)";
				WRAPPER_EXTENSION = app;
			};
			name = Debug;
		};
		168F3C25158DE2D40048D32C /* Release */ = {
			isa = XCBuildConfiguration;
			buildSettings = {
				GCC_PRECOMPILE_PREFIX_HEADER = YES;
				GCC_PREFIX_HEADER = "code-debuet/code-debuet-Prefix.pch";
				INFOPLIST_FILE = "code-debuet/code-debuet-Info.plist";
				PRODUCT_NAME = "$(TARGET_NAME)";
				WRAPPER_EXTENSION = app;
			};
			name = Release;
		};
/* End XCBuildConfiguration section */

/* Begin XCConfigurationList section */
		168F3BFF158DE2D40048D32C /* Build configuration list for PBXProject "code-debuet" */ = {
			isa = XCConfigurationList;
			buildConfigurations = (
				168F3C21158DE2D40048D32C /* Debug */,
				168F3C22158DE2D40048D32C /* Release */,
			);
			defaultConfigurationIsVisible = 0;
			defaultConfigurationName = Release;
		};
		168F3C23158DE2D40048D32C /* Build configuration list for PBXNativeTarget "code-debuet" */ = {
			isa = XCConfigurationList;
			buildConfigurations = (
				168F3C24158DE2D40048D32C /* Debug */,
				168F3C25158DE2D40048D32C /* Release */,
			);
			defaultConfigurationIsVisible = 0;
		};
/* End XCConfigurationList section */
	};
	rootObject = 168F3BFC158DE2D40048D32C /* Project object */;
}
